
Microsoft Visual Studio Solution File, Format Version 12.00
# Visual Studio Version 17
VisualStudioVersion = 17.11.34929.205
MinimumVisualStudioVersion = 10.0.40219.1
Project("{FAE04EC0-301F-11D3-BF4B-00C04F79EFBC}") = "StudentRegistration", "StudentRegistration\StudentRegistration.csproj", "{B590526D-1735-428C-99AD-DF2BC995F19D}"
EndProject
Global
	GlobalSection(SolutionConfigurationPlatforms) = preSolution
		Debug|Any CPU = Debug|Any CPU
		Release|Any CPU = Release|Any CPU
	EndGlobalSection
	GlobalSection(ProjectConfigurationPlatforms) = postSolution
		{B590526D-1735-428C-99AD-DF2BC995F19D}.Debug|Any CPU.ActiveCfg = Debug|Any CPU
		{B590526D-1735-428C-99AD-DF2BC995F19D}.Debug|Any CPU.Build.0 = Debug|Any CPU
		{B590526D-1735-428C-99AD-DF2BC995F19D}.Release|Any CPU.ActiveCfg = Release|Any CPU
		{B590526D-1735-428C-99AD-DF2BC995F19D}.Release|Any CPU.Build.0 = Release|Any CPU
	EndGlobalSection
	GlobalSection(SolutionProperties) = preSolution
		HideSolutionNode = FALSE
	EndGlobalSection
	GlobalSection(ExtensibilityGlobals) = postSolution
		SolutionGuid = {08F75D83-91B4-4899-A302-C5E90B156ADD}
	EndGlobalSection
EndGlobal
